
Microsoft Visual Studio Solution File, Format Version 12.00
# Visual Studio 15
VisualStudioVersion = 15.0.28307.1000
MinimumVisualStudioVersion = 10.0.40219.1
Project("{FAE04EC0-301F-11D3-BF4B-00C04F79EFBC}") = "Three Address Code Generator", "Three Address Code Generator\Three Address Code Generator.csproj", "{419A8715-253C-4DE0-9689-6C5241780E33}"
EndProject
Global
	GlobalSection(SolutionConfigurationPlatforms) = preSolution
		Debug|Any CPU = Debug|Any CPU
		Release|Any CPU = Release|Any CPU
	EndGlobalSection
	GlobalSection(ProjectConfigurationPlatforms) = postSolution
		{419A8715-253C-4DE0-9689-6C5241780E33}.Debug|Any CPU.ActiveCfg = Debug|Any CPU
		{419A8715-253C-4DE0-9689-6C5241780E33}.Debug|Any CPU.Build.0 = Debug|Any CPU
		{419A8715-253C-4DE0-9689-6C5241780E33}.Release|Any CPU.ActiveCfg = Release|Any CPU
		{419A8715-253C-4DE0-9689-6C5241780E33}.Release|Any CPU.Build.0 = Release|Any CPU
	EndGlobalSection
	GlobalSection(SolutionProperties) = preSolution
		HideSolutionNode = FALSE
	EndGlobalSection
	GlobalSection(ExtensibilityGlobals) = postSolution
		SolutionGuid = {75B7F19C-EDC3-4491-9AE7-6D08A0897C3D}
	EndGlobalSection
EndGlobal
